
Microsoft Visual Studio Solution File, Format Version 12.00
# Visual Studio Version 17
VisualStudioVersion = 17.14.36221.1
MinimumVisualStudioVersion = 10.0.40219.1
Project("{FAE04EC0-301F-11D3-BF4B-00C04F79EFBC}") = "Eryph.GuestServices.Sockets", "src\Eryph.GuestServices.Sockets\Eryph.GuestServices.Sockets.csproj", "{1F266780-45D4-5F4C-DB9C-D6893FEA6630}"
EndProject
Project("{FAE04EC0-301F-11D3-BF4B-00C04F79EFBC}") = "Eryph.GuestServices.DevTunnels.Ssh.Extensions", "src\Eryph.GuestServices.DevTunnels.Ssh.Extensions\Eryph.GuestServices.DevTunnels.Ssh.Extensions.csproj", "{FA2FC048-1DF8-4581-8838-BBDB5ADAB959}"
EndProject
Project("{2150E333-8FDC-42A3-9474-1A3956D46DE8}") = "src", "src", "{02EA681E-C7D8-13C7-8484-4AC65E1B71E8}"
EndProject
Project("{2150E333-8FDC-42A3-9474-1A3956D46DE8}") = "test", "test", "{05E9B947-5A63-40BB-880E-DBD388C498CD}"
EndProject
Project("{FAE04EC0-301F-11D3-BF4B-00C04F79EFBC}") = "Eryph.GuestServices.Sockets.Tests", "test\Eryph.GuestServices.Sockets.Tests\Eryph.GuestServices.Sockets.Tests.csproj", "{E4DECA44-96FD-46E2-A01B-A1D960638622}"
EndProject
Project("{FAE04EC0-301F-11D3-BF4B-00C04F79EFBC}") = "Eryph.GuestServices.Service", "src\Eryph.GuestServices.Service\Eryph.GuestServices.Service.csproj", "{D6D6E910-B02C-4F89-B47D-E7E9E9982830}"
EndProject
Project("{FAE04EC0-301F-11D3-BF4B-00C04F79EFBC}") = "Eryph.GuestServices.Tool", "src\Eryph.GuestServices.Tool\Eryph.GuestServices.Tool.csproj", "{AE32F083-2772-4C09-AFB9-31659C23FD1A}"
EndProject
Project("{FAE04EC0-301F-11D3-BF4B-00C04F79EFBC}") = "Eryph.GuestServices.Core", "src\Eryph.GuestServices.Core\Eryph.GuestServices.Core.csproj", "{A7C08BD0-9EFD-45C5-AF05-0DFFF16D2FAA}"
EndProject
Project("{FAE04EC0-301F-11D3-BF4B-00C04F79EFBC}") = "Eryph.GuestServices.DevTunnels.Ssh.Extensions.Tests", "test\Eryph.GuestServices.DevTunnels.Ssh.Extensions.Tests\Eryph.GuestServices.DevTunnels.Ssh.Extensions.Tests.csproj", "{6138A64B-D557-4F3D-953A-090498BCE2C9}"
EndProject
Project("{FAE04EC0-301F-11D3-BF4B-00C04F79EFBC}") = "Eryph.GuestServices.HvDataExchange.Host", "src\Eryph.GuestServices.HvDataExchange.Host\Eryph.GuestServices.HvDataExchange.Host.csproj", "{A039928A-B4A9-4A0A-BDBC-98BCC9165479}"
EndProject
Project("{FAE04EC0-301F-11D3-BF4B-00C04F79EFBC}") = "Eryph.GuestServices.HvDataExchange.Guest", "src\Eryph.GuestServices.HvDataExchange.Guest\Eryph.GuestServices.HvDataExchange.Guest.csproj", "{FA95DC1D-DB83-4192-923A-F7766647A979}"
EndProject
Project("{FAE04EC0-301F-11D3-BF4B-00C04F79EFBC}") = "Eryph.GuestServices.Pty", "src\Eryph.GuestServices.Pty\Eryph.GuestServices.Pty.csproj", "{7A67A6EF-DD16-4A4E-9EFB-1B8CDA5D87D2}"
EndProject
Project("{FAE04EC0-301F-11D3-BF4B-00C04F79EFBC}") = "Eryph.GuestServices.HvDataExchange.Common", "src\Eryph.GuestServices.HvDataExchange.Common\Eryph.GuestServices.HvDataExchange.Common.csproj", "{035F7479-0A05-310F-4E11-A4BA13E77FEE}"
EndProject
Project("{FAE04EC0-301F-11D3-BF4B-00C04F79EFBC}") = "Eryph.GuestServices.Tool.Tests", "test\Eryph.GuestServices.Tool.Tests\Eryph.GuestServices.Tool.Tests.csproj", "{FBCB2C2E-AB30-4367-A259-7B30D4C3398B}"
EndProject
Project("{FAE04EC0-301F-11D3-BF4B-00C04F79EFBC}") = "Eryph.GuestServices.Service.Tests", "test\Eryph.GuestServices.Service.Tests\Eryph.GuestServices.Service.Tests.csproj", "{13D3A1EF-A9E2-47E2-984C-507C37AE6A35}"
EndProject
Project("{FAE04EC0-301F-11D3-BF4B-00C04F79EFBC}") = "Eryph.GuestServices.CloudConfig", "src\Eryph.GuestServices.CloudConfig\Eryph.GuestServices.CloudConfig.csproj", "{F8FB6DD5-3213-45E6-950B-AE0F3DB3DB86}"
EndProject
Project("{FAE04EC0-301F-11D3-BF4B-00C04F79EFBC}") = "Eryph.GuestServices.CloudConfig.Yaml", "src\Eryph.GuestServices.CloudConfig.Yaml\Eryph.GuestServices.CloudConfig.Yaml.csproj", "{34022B2D-38F2-4252-89F3-D95D97354F2B}"
EndProject
Project("{FAE04EC0-301F-11D3-BF4B-00C04F79EFBC}") = "Eryph.GuestServices.Provisioning", "src\Eryph.GuestServices.Provisioning\Eryph.GuestServices.Provisioning.csproj", "{3BC8C315-119C-4F8C-A602-CFFDEA4AE90B}"
EndProject
Project("{FAE04EC0-301F-11D3-BF4B-00C04F79EFBC}") = "Eryph.GuestServices.CloudConfig.Tests", "test\Eryph.GuestServices.CloudConfig.Tests\Eryph.GuestServices.CloudConfig.Tests.csproj", "{5FE953B9-D547-42B0-A447-21D5B356EF43}"
EndProject
Project("{FAE04EC0-301F-11D3-BF4B-00C04F79EFBC}") = "Eryph.GuestServices.CloudConfig.Yaml.Tests", "test\Eryph.GuestServices.CloudConfig.Yaml.Tests\Eryph.GuestServices.CloudConfig.Yaml.Tests.csproj", "{60EDBA9E-1029-435D-9476-8B3D43E995E0}"
EndProject
Project("{FAE04EC0-301F-11D3-BF4B-00C04F79EFBC}") = "Eryph.GuestServices.Provisioning.Tests", "test\Eryph.GuestServices.Provisioning.Tests\Eryph.GuestServices.Provisioning.Tests.csproj", "{307DF89D-21C4-4C00-888B-67E7970D289D}"
EndProject
Global
	GlobalSection(SolutionConfigurationPlatforms) = preSolution
		Debug|Any CPU = Debug|Any CPU
		Debug|x64 = Debug|x64
		Debug|x86 = Debug|x86
		Release|Any CPU = Release|Any CPU
		Release|x64 = Release|x64
		Release|x86 = Release|x86
	EndGlobalSection
	GlobalSection(ProjectConfigurationPlatforms) = postSolution
		{1F266780-45D4-5F4C-DB9C-D6893FEA6630}.Debug|Any CPU.ActiveCfg = Debug|Any CPU
		{1F266780-45D4-5F4C-DB9C-D6893FEA6630}.Debug|Any CPU.Build.0 = Debug|Any CPU
		{1F266780-45D4-5F4C-DB9C-D6893FEA6630}.Debug|x64.ActiveCfg = Debug|Any CPU
		{1F266780-45D4-5F4C-DB9C-D6893FEA6630}.Debug|x64.Build.0 = Debug|Any CPU
		{1F266780-45D4-5F4C-DB9C-D6893FEA6630}.Debug|x86.ActiveCfg = Debug|Any CPU
		{1F266780-45D4-5F4C-DB9C-D6893FEA6630}.Debug|x86.Build.0 = Debug|Any CPU
		{1F266780-45D4-5F4C-DB9C-D6893FEA6630}.Release|Any CPU.ActiveCfg = Release|Any CPU
		{1F266780-45D4-5F4C-DB9C-D6893FEA6630}.Release|Any CPU.Build.0 = Release|Any CPU
		{1F266780-45D4-5F4C-DB9C-D6893FEA6630}.Release|x64.ActiveCfg = Release|Any CPU
		{1F266780-45D4-5F4C-DB9C-D6893FEA6630}.Release|x64.Build.0 = Release|Any CPU
		{1F266780-45D4-5F4C-DB9C-D6893FEA6630}.Release|x86.ActiveCfg = Release|Any CPU
		{1F266780-45D4-5F4C-DB9C-D6893FEA6630}.Release|x86.Build.0 = Release|Any CPU
		{FA2FC048-1DF8-4581-8838-BBDB5ADAB959}.Debug|Any CPU.ActiveCfg = Debug|Any CPU
		{FA2FC048-1DF8-4581-8838-BBDB5ADAB959}.Debug|Any CPU.Build.0 = Debug|Any CPU
		{FA2FC048-1DF8-4581-8838-BBDB5ADAB959}.Debug|x64.ActiveCfg = Debug|Any CPU
		{FA2FC048-1DF8-4581-8838-BBDB5ADAB959}.Debug|x64.Build.0 = Debug|Any CPU
		{FA2FC048-1DF8-4581-8838-BBDB5ADAB959}.Debug|x86.ActiveCfg = Debug|Any CPU
		{FA2FC048-1DF8-4581-8838-BBDB5ADAB959}.Debug|x86.Build.0 = Debug|Any CPU
		{FA2FC048-1DF8-4581-8838-BBDB5ADAB959}.Release|Any CPU.ActiveCfg = Release|Any CPU
		{FA2FC048-1DF8-4581-8838-BBDB5ADAB959}.Release|Any CPU.Build.0 = Release|Any CPU
		{FA2FC048-1DF8-4581-8838-BBDB5ADAB959}.Release|x64.ActiveCfg = Release|Any CPU
		{FA2FC048-1DF8-4581-8838-BBDB5ADAB959}.Release|x64.Build.0 = Release|Any CPU
		{FA2FC048-1DF8-4581-8838-BBDB5ADAB959}.Release|x86.ActiveCfg = Release|Any CPU
		{FA2FC048-1DF8-4581-8838-BBDB5ADAB959}.Release|x86.Build.0 = Release|Any CPU
		{E4DECA44-96FD-46E2-A01B-A1D960638622}.Debug|Any CPU.ActiveCfg = Debug|Any CPU
		{E4DECA44-96FD-46E2-A01B-A1D960638622}.Debug|Any CPU.Build.0 = Debug|Any CPU
		{E4DECA44-96FD-46E2-A01B-A1D960638622}.Debug|x64.ActiveCfg = Debug|Any CPU
		{E4DECA44-96FD-46E2-A01B-A1D960638622}.Debug|x64.Build.0 = Debug|Any CPU
		{E4DECA44-96FD-46E2-A01B-A1D960638622}.Debug|x86.ActiveCfg = Debug|Any CPU
		{E4DECA44-96FD-46E2-A01B-A1D960638622}.Debug|x86.Build.0 = Debug|Any CPU
		{E4DECA44-96FD-46E2-A01B-A1D960638622}.Release|Any CPU.ActiveCfg = Release|Any CPU
		{E4DECA44-96FD-46E2-A01B-A1D960638622}.Release|Any CPU.Build.0 = Release|Any CPU
		{E4DECA44-96FD-46E2-A01B-A1D960638622}.Release|x64.ActiveCfg = Release|Any CPU
		{E4DECA44-96FD-46E2-A01B-A1D960638622}.Release|x64.Build.0 = Release|Any CPU
		{E4DECA44-96FD-46E2-A01B-A1D960638622}.Release|x86.ActiveCfg = Release|Any CPU
		{E4DECA44-96FD-46E2-A01B-A1D960638622}.Release|x86.Build.0 = Release|Any CPU
		{D6D6E910-B02C-4F89-B47D-E7E9E9982830}.Debug|Any CPU.ActiveCfg = Debug|Any CPU
		{D6D6E910-B02C-4F89-B47D-E7E9E9982830}.Debug|Any CPU.Build.0 = Debug|Any CPU
		{D6D6E910-B02C-4F89-B47D-E7E9E9982830}.Debug|x64.ActiveCfg = Debug|Any CPU
		{D6D6E910-B02C-4F89-B47D-E7E9E9982830}.Debug|x64.Build.0 = Debug|Any CPU
		{D6D6E910-B02C-4F89-B47D-E7E9E9982830}.Debug|x86.ActiveCfg = Debug|Any CPU
		{D6D6E910-B02C-4F89-B47D-E7E9E9982830}.Debug|x86.Build.0 = Debug|Any CPU
		{D6D6E910-B02C-4F89-B47D-E7E9E9982830}.Release|Any CPU.ActiveCfg = Release|Any CPU
		{D6D6E910-B02C-4F89-B47D-E7E9E9982830}.Release|Any CPU.Build.0 = Release|Any CPU
		{D6D6E910-B02C-4F89-B47D-E7E9E9982830}.Release|x64.ActiveCfg = Release|Any CPU
		{D6D6E910-B02C-4F89-B47D-E7E9E9982830}.Release|x64.Build.0 = Release|Any CPU
		{D6D6E910-B02C-4F89-B47D-E7E9E9982830}.Release|x86.ActiveCfg = Release|Any CPU
		{D6D6E910-B02C-4F89-B47D-E7E9E9982830}.Release|x86.Build.0 = Release|Any CPU
		{AE32F083-2772-4C09-AFB9-31659C23FD1A}.Debug|Any CPU.ActiveCfg = Debug|Any CPU
		{AE32F083-2772-4C09-AFB9-31659C23FD1A}.Debug|Any CPU.Build.0 = Debug|Any CPU
		{AE32F083-2772-4C09-AFB9-31659C23FD1A}.Debug|x64.ActiveCfg = Debug|Any CPU
		{AE32F083-2772-4C09-AFB9-31659C23FD1A}.Debug|x64.Build.0 = Debug|Any CPU
		{AE32F083-2772-4C09-AFB9-31659C23FD1A}.Debug|x86.ActiveCfg = Debug|Any CPU
		{AE32F083-2772-4C09-AFB9-31659C23FD1A}.Debug|x86.Build.0 = Debug|Any CPU
		{AE32F083-2772-4C09-AFB9-31659C23FD1A}.Release|Any CPU.ActiveCfg = Release|Any CPU
		{AE32F083-2772-4C09-AFB9-31659C23FD1A}.Release|Any CPU.Build.0 = Release|Any CPU
		{AE32F083-2772-4C09-AFB9-31659C23FD1A}.Release|x64.ActiveCfg = Release|Any CPU
		{AE32F083-2772-4C09-AFB9-31659C23FD1A}.Release|x64.Build.0 = Release|Any CPU
		{AE32F083-2772-4C09-AFB9-31659C23FD1A}.Release|x86.ActiveCfg = Release|Any CPU
		{AE32F083-2772-4C09-AFB9-31659C23FD1A}.Release|x86.Build.0 = Release|Any CPU
		{A7C08BD0-9EFD-45C5-AF05-0DFFF16D2FAA}.Debug|Any CPU.ActiveCfg = Debug|Any CPU
		{A7C08BD0-9EFD-45C5-AF05-0DFFF16D2FAA}.Debug|Any CPU.Build.0 = Debug|Any CPU
		{A7C08BD0-9EFD-45C5-AF05-0DFFF16D2FAA}.Debug|x64.ActiveCfg = Debug|Any CPU
		{A7C08BD0-9EFD-45C5-AF05-0DFFF16D2FAA}.Debug|x64.Build.0 = Debug|Any CPU
		{A7C08BD0-9EFD-45C5-AF05-0DFFF16D2FAA}.Debug|x86.ActiveCfg = Debug|Any CPU
		{A7C08BD0-9EFD-45C5-AF05-0DFFF16D2FAA}.Debug|x86.Build.0 = Debug|Any CPU
		{A7C08BD0-9EFD-45C5-AF05-0DFFF16D2FAA}.Release|Any CPU.ActiveCfg = Release|Any CPU
		{A7C08BD0-9EFD-45C5-AF05-0DFFF16D2FAA}.Release|Any CPU.Build.0 = Release|Any CPU
		{A7C08BD0-9EFD-45C5-AF05-0DFFF16D2FAA}.Release|x64.ActiveCfg = Release|Any CPU
		{A7C08BD0-9EFD-45C5-AF05-0DFFF16D2FAA}.Release|x64.Build.0 = Release|Any CPU
		{A7C08BD0-9EFD-45C5-AF05-0DFFF16D2FAA}.Release|x86.ActiveCfg = Release|Any CPU
		{A7C08BD0-9EFD-45C5-AF05-0DFFF16D2FAA}.Release|x86.Build.0 = Release|Any CPU
		{6138A64B-D557-4F3D-953A-090498BCE2C9}.Debug|Any CPU.ActiveCfg = Debug|Any CPU
		{6138A64B-D557-4F3D-953A-090498BCE2C9}.Debug|Any CPU.Build.0 = Debug|Any CPU
		{6138A64B-D557-4F3D-953A-090498BCE2C9}.Debug|x64.ActiveCfg = Debug|Any CPU
		{6138A64B-D557-4F3D-953A-090498BCE2C9}.Debug|x64.Build.0 = Debug|Any CPU
		{6138A64B-D557-4F3D-953A-090498BCE2C9}.Debug|x86.ActiveCfg = Debug|Any CPU
		{6138A64B-D557-4F3D-953A-090498BCE2C9}.Debug|x86.Build.0 = Debug|Any CPU
		{6138A64B-D557-4F3D-953A-090498BCE2C9}.Release|Any CPU.ActiveCfg = Release|Any CPU
		{6138A64B-D557-4F3D-953A-090498BCE2C9}.Release|Any CPU.Build.0 = Release|Any CPU
		{6138A64B-D557-4F3D-953A-090498BCE2C9}.Release|x64.ActiveCfg = Release|Any CPU
		{6138A64B-D557-4F3D-953A-090498BCE2C9}.Release|x64.Build.0 = Release|Any CPU
		{6138A64B-D557-4F3D-953A-090498BCE2C9}.Release|x86.ActiveCfg = Release|Any CPU
		{6138A64B-D557-4F3D-953A-090498BCE2C9}.Release|x86.Build.0 = Release|Any CPU
		{A039928A-B4A9-4A0A-BDBC-98BCC9165479}.Debug|Any CPU.ActiveCfg = Debug|Any CPU
		{A039928A-B4A9-4A0A-BDBC-98BCC9165479}.Debug|Any CPU.Build.0 = Debug|Any CPU
		{A039928A-B4A9-4A0A-BDBC-98BCC9165479}.Debug|x64.ActiveCfg = Debug|Any CPU
		{A039928A-B4A9-4A0A-BDBC-98BCC9165479}.Debug|x64.Build.0 = Debug|Any CPU
		{A039928A-B4A9-4A0A-BDBC-98BCC9165479}.Debug|x86.ActiveCfg = Debug|Any CPU
		{A039928A-B4A9-4A0A-BDBC-98BCC9165479}.Debug|x86.Build.0 = Debug|Any CPU
		{A039928A-B4A9-4A0A-BDBC-98BCC9165479}.Release|Any CPU.ActiveCfg = Release|Any CPU
		{A039928A-B4A9-4A0A-BDBC-98BCC9165479}.Release|Any CPU.Build.0 = Release|Any CPU
		{A039928A-B4A9-4A0A-BDBC-98BCC9165479}.Release|x64.ActiveCfg = Release|Any CPU
		{A039928A-B4A9-4A0A-BDBC-98BCC9165479}.Release|x64.Build.0 = Release|Any CPU
		{A039928A-B4A9-4A0A-BDBC-98BCC9165479}.Release|x86.ActiveCfg = Release|Any CPU
		{A039928A-B4A9-4A0A-BDBC-98BCC9165479}.Release|x86.Build.0 = Release|Any CPU
		{FA95DC1D-DB83-4192-923A-F7766647A979}.Debug|Any CPU.ActiveCfg = Debug|Any CPU
		{FA95DC1D-DB83-4192-923A-F7766647A979}.Debug|Any CPU.Build.0 = Debug|Any CPU
		{FA95DC1D-DB83-4192-923A-F7766647A979}.Debug|x64.ActiveCfg = Debug|Any CPU
		{FA95DC1D-DB83-4192-923A-F7766647A979}.Debug|x64.Build.0 = Debug|Any CPU
		{FA95DC1D-DB83-4192-923A-F7766647A979}.Debug|x86.ActiveCfg = Debug|Any CPU
		{FA95DC1D-DB83-4192-923A-F7766647A979}.Debug|x86.Build.0 = Debug|Any CPU
		{FA95DC1D-DB83-4192-923A-F7766647A979}.Release|Any CPU.ActiveCfg = Release|Any CPU
		{FA95DC1D-DB83-4192-923A-F7766647A979}.Release|Any CPU.Build.0 = Release|Any CPU
		{FA95DC1D-DB83-4192-923A-F7766647A979}.Release|x64.ActiveCfg = Release|Any CPU
		{FA95DC1D-DB83-4192-923A-F7766647A979}.Release|x64.Build.0 = Release|Any CPU
		{FA95DC1D-DB83-4192-923A-F7766647A979}.Release|x86.ActiveCfg = Release|Any CPU
		{FA95DC1D-DB83-4192-923A-F7766647A979}.Release|x86.Build.0 = Release|Any CPU
		{7A67A6EF-DD16-4A4E-9EFB-1B8CDA5D87D2}.Debug|Any CPU.ActiveCfg = Debug|Any CPU
		{7A67A6EF-DD16-4A4E-9EFB-1B8CDA5D87D2}.Debug|Any CPU.Build.0 = Debug|Any CPU
		{7A67A6EF-DD16-4A4E-9EFB-1B8CDA5D87D2}.Debug|x64.ActiveCfg = Debug|Any CPU
		{7A67A6EF-DD16-4A4E-9EFB-1B8CDA5D87D2}.Debug|x64.Build.0 = Debug|Any CPU
		{7A67A6EF-DD16-4A4E-9EFB-1B8CDA5D87D2}.Debug|x86.ActiveCfg = Debug|Any CPU
		{7A67A6EF-DD16-4A4E-9EFB-1B8CDA5D87D2}.Debug|x86.Build.0 = Debug|Any CPU
		{7A67A6EF-DD16-4A4E-9EFB-1B8CDA5D87D2}.Release|Any CPU.ActiveCfg = Release|Any CPU
		{7A67A6EF-DD16-4A4E-9EFB-1B8CDA5D87D2}.Release|Any CPU.Build.0 = Release|Any CPU
		{7A67A6EF-DD16-4A4E-9EFB-1B8CDA5D87D2}.Release|x64.ActiveCfg = Release|Any CPU
		{7A67A6EF-DD16-4A4E-9EFB-1B8CDA5D87D2}.Release|x64.Build.0 = Release|Any CPU
		{7A67A6EF-DD16-4A4E-9EFB-1B8CDA5D87D2}.Release|x86.ActiveCfg = Release|Any CPU
		{7A67A6EF-DD16-4A4E-9EFB-1B8CDA5D87D2}.Release|x86.Build.0 = Release|Any CPU
		{035F7479-0A05-310F-4E11-A4BA13E77FEE}.Debug|Any CPU.ActiveCfg = Debug|Any CPU
		{035F7479-0A05-310F-4E11-A4BA13E77FEE}.Debug|Any CPU.Build.0 = Debug|Any CPU
		{035F7479-0A05-310F-4E11-A4BA13E77FEE}.Debug|x64.ActiveCfg = Debug|Any CPU
		{035F7479-0A05-310F-4E11-A4BA13E77FEE}.Debug|x64.Build.0 = Debug|Any CPU
		{035F7479-0A05-310F-4E11-A4BA13E77FEE}.Debug|x86.ActiveCfg = Debug|Any CPU
		{035F7479-0A05-310F-4E11-A4BA13E77FEE}.Debug|x86.Build.0 = Debug|Any CPU
		{035F7479-0A05-310F-4E11-A4BA13E77FEE}.Release|Any CPU.ActiveCfg = Release|Any CPU
		{035F7479-0A05-310F-4E11-A4BA13E77FEE}.Release|Any CPU.Build.0 = Release|Any CPU
		{035F7479-0A05-310F-4E11-A4BA13E77FEE}.Release|x64.ActiveCfg = Release|Any CPU
		{035F7479-0A05-310F-4E11-A4BA13E77FEE}.Release|x64.Build.0 = Release|Any CPU
		{035F7479-0A05-310F-4E11-A4BA13E77FEE}.Release|x86.ActiveCfg = Release|Any CPU
		{035F7479-0A05-310F-4E11-A4BA13E77FEE}.Release|x86.Build.0 = Release|Any CPU
		{FBCB2C2E-AB30-4367-A259-7B30D4C3398B}.Debug|Any CPU.ActiveCfg = Debug|Any CPU
		{FBCB2C2E-AB30-4367-A259-7B30D4C3398B}.Debug|Any CPU.Build.0 = Debug|Any CPU
		{FBCB2C2E-AB30-4367-A259-7B30D4C3398B}.Debug|x64.ActiveCfg = Debug|Any CPU
		{FBCB2C2E-AB30-4367-A259-7B30D4C3398B}.Debug|x64.Build.0 = Debug|Any CPU
		{FBCB2C2E-AB30-4367-A259-7B30D4C3398B}.Debug|x86.ActiveCfg = Debug|Any CPU
		{FBCB2C2E-AB30-4367-A259-7B30D4C3398B}.Debug|x86.Build.0 = Debug|Any CPU
		{FBCB2C2E-AB30-4367-A259-7B30D4C3398B}.Release|Any CPU.ActiveCfg = Release|Any CPU
		{FBCB2C2E-AB30-4367-A259-7B30D4C3398B}.Release|Any CPU.Build.0 = Release|Any CPU
		{FBCB2C2E-AB30-4367-A259-7B30D4C3398B}.Release|x64.ActiveCfg = Release|Any CPU
		{FBCB2C2E-AB30-4367-A259-7B30D4C3398B}.Release|x64.Build.0 = Release|Any CPU
		{FBCB2C2E-AB30-4367-A259-7B30D4C3398B}.Release|x86.ActiveCfg = Release|Any CPU
		{FBCB2C2E-AB30-4367-A259-7B30D4C3398B}.Release|x86.Build.0 = Release|Any CPU
		{13D3A1EF-A9E2-47E2-984C-507C37AE6A35}.Debug|Any CPU.ActiveCfg = Debug|Any CPU
		{13D3A1EF-A9E2-47E2-984C-507C37AE6A35}.Debug|Any CPU.Build.0 = Debug|Any CPU
		{13D3A1EF-A9E2-47E2-984C-507C37AE6A35}.Debug|x64.ActiveCfg = Debug|Any CPU
		{13D3A1EF-A9E2-47E2-984C-507C37AE6A35}.Debug|x64.Build.0 = Debug|Any CPU
		{13D3A1EF-A9E2-47E2-984C-507C37AE6A35}.Debug|x86.ActiveCfg = Debug|Any CPU
		{13D3A1EF-A9E2-47E2-984C-507C37AE6A35}.Debug|x86.Build.0 = Debug|Any CPU
		{13D3A1EF-A9E2-47E2-984C-507C37AE6A35}.Release|Any CPU.ActiveCfg = Release|Any CPU
		{13D3A1EF-A9E2-47E2-984C-507C37AE6A35}.Release|Any CPU.Build.0 = Release|Any CPU
		{13D3A1EF-A9E2-47E2-984C-507C37AE6A35}.Release|x64.ActiveCfg = Release|Any CPU
		{13D3A1EF-A9E2-47E2-984C-507C37AE6A35}.Release|x64.Build.0 = Release|Any CPU
		{13D3A1EF-A9E2-47E2-984C-507C37AE6A35}.Release|x86.ActiveCfg = Release|Any CPU
		{13D3A1EF-A9E2-47E2-984C-507C37AE6A35}.Release|x86.Build.0 = Release|Any CPU
		{F8FB6DD5-3213-45E6-950B-AE0F3DB3DB86}.Debug|Any CPU.ActiveCfg = Debug|Any CPU
		{F8FB6DD5-3213-45E6-950B-AE0F3DB3DB86}.Debug|Any CPU.Build.0 = Debug|Any CPU
		{F8FB6DD5-3213-45E6-950B-AE0F3DB3DB86}.Debug|x64.ActiveCfg = Debug|Any CPU
		{F8FB6DD5-3213-45E6-950B-AE0F3DB3DB86}.Debug|x64.Build.0 = Debug|Any CPU
		{F8FB6DD5-3213-45E6-950B-AE0F3DB3DB86}.Debug|x86.ActiveCfg = Debug|Any CPU
		{F8FB6DD5-3213-45E6-950B-AE0F3DB3DB86}.Debug|x86.Build.0 = Debug|Any CPU
		{F8FB6DD5-3213-45E6-950B-AE0F3DB3DB86}.Release|Any CPU.ActiveCfg = Release|Any CPU
		{F8FB6DD5-3213-45E6-950B-AE0F3DB3DB86}.Release|Any CPU.Build.0 = Release|Any CPU
		{F8FB6DD5-3213-45E6-950B-AE0F3DB3DB86}.Release|x64.ActiveCfg = Release|Any CPU
		{F8FB6DD5-3213-45E6-950B-AE0F3DB3DB86}.Release|x64.Build.0 = Release|Any CPU
		{F8FB6DD5-3213-45E6-950B-AE0F3DB3DB86}.Release|x86.ActiveCfg = Release|Any CPU
		{F8FB6DD5-3213-45E6-950B-AE0F3DB3DB86}.Release|x86.Build.0 = Release|Any CPU
		{34022B2D-38F2-4252-89F3-D95D97354F2B}.Debug|Any CPU.ActiveCfg = Debug|Any CPU
		{34022B2D-38F2-4252-89F3-D95D97354F2B}.Debug|Any CPU.Build.0 = Debug|Any CPU
		{34022B2D-38F2-4252-89F3-D95D97354F2B}.Debug|x64.ActiveCfg = Debug|Any CPU
		{34022B2D-38F2-4252-89F3-D95D97354F2B}.Debug|x64.Build.0 = Debug|Any CPU
		{34022B2D-38F2-4252-89F3-D95D97354F2B}.Debug|x86.ActiveCfg = Debug|Any CPU
		{34022B2D-38F2-4252-89F3-D95D97354F2B}.Debug|x86.Build.0 = Debug|Any CPU
		{34022B2D-38F2-4252-89F3-D95D97354F2B}.Release|Any CPU.ActiveCfg = Release|Any CPU
		{34022B2D-38F2-4252-89F3-D95D97354F2B}.Release|Any CPU.Build.0 = Release|Any CPU
		{34022B2D-38F2-4252-89F3-D95D97354F2B}.Release|x64.ActiveCfg = Release|Any CPU
		{34022B2D-38F2-4252-89F3-D95D97354F2B}.Release|x64.Build.0 = Release|Any CPU
		{34022B2D-38F2-4252-89F3-D95D97354F2B}.Release|x86.ActiveCfg = Release|Any CPU
		{34022B2D-38F2-4252-89F3-D95D97354F2B}.Release|x86.Build.0 = Release|Any CPU
		{3BC8C315-119C-4F8C-A602-CFFDEA4AE90B}.Debug|Any CPU.ActiveCfg = Debug|Any CPU
		{3BC8C315-119C-4F8C-A602-CFFDEA4AE90B}.Debug|Any CPU.Build.0 = Debug|Any CPU
		{3BC8C315-119C-4F8C-A602-CFFDEA4AE90B}.Debug|x64.ActiveCfg = Debug|Any CPU
		{3BC8C315-119C-4F8C-A602-CFFDEA4AE90B}.Debug|x64.Build.0 = Debug|Any CPU
		{3BC8C315-119C-4F8C-A602-CFFDEA4AE90B}.Debug|x86.ActiveCfg = Debug|Any CPU
		{3BC8C315-119C-4F8C-A602-CFFDEA4AE90B}.Debug|x86.Build.0 = Debug|Any CPU
		{3BC8C315-119C-4F8C-A602-CFFDEA4AE90B}.Release|Any CPU.ActiveCfg = Release|Any CPU
		{3BC8C315-119C-4F8C-A602-CFFDEA4AE90B}.Release|Any CPU.Build.0 = Release|Any CPU
		{3BC8C315-119C-4F8C-A602-CFFDEA4AE90B}.Release|x64.ActiveCfg = Release|Any CPU
		{3BC8C315-119C-4F8C-A602-CFFDEA4AE90B}.Release|x64.Build.0 = Release|Any CPU
		{3BC8C315-119C-4F8C-A602-CFFDEA4AE90B}.Release|x86.ActiveCfg = Release|Any CPU
		{3BC8C315-119C-4F8C-A602-CFFDEA4AE90B}.Release|x86.Build.0 = Release|Any CPU
		{5FE953B9-D547-42B0-A447-21D5B356EF43}.Debug|Any CPU.ActiveCfg = Debug|Any CPU
		{5FE953B9-D547-42B0-A447-21D5B356EF43}.Debug|Any CPU.Build.0 = Debug|Any CPU
		{5FE953B9-D547-42B0-A447-21D5B356EF43}.Debug|x64.ActiveCfg = Debug|Any CPU
		{5FE953B9-D547-42B0-A447-21D5B356EF43}.Debug|x64.Build.0 = Debug|Any CPU
		{5FE953B9-D547-42B0-A447-21D5B356EF43}.Debug|x86.ActiveCfg = Debug|Any CPU
		{5FE953B9-D547-42B0-A447-21D5B356EF43}.Debug|x86.Build.0 = Debug|Any CPU
		{5FE953B9-D547-42B0-A447-21D5B356EF43}.Release|Any CPU.ActiveCfg = Release|Any CPU
		{5FE953B9-D547-42B0-A447-21D5B356EF43}.Release|Any CPU.Build.0 = Release|Any CPU
		{5FE953B9-D547-42B0-A447-21D5B356EF43}.Release|x64.ActiveCfg = Release|Any CPU
		{5FE953B9-D547-42B0-A447-21D5B356EF43}.Release|x64.Build.0 = Release|Any CPU
		{5FE953B9-D547-42B0-A447-21D5B356EF43}.Release|x86.ActiveCfg = Release|Any CPU
		{5FE953B9-D547-42B0-A447-21D5B356EF43}.Release|x86.Build.0 = Release|Any CPU
		{60EDBA9E-1029-435D-9476-8B3D43E995E0}.Debug|Any CPU.ActiveCfg = Debug|Any CPU
		{60EDBA9E-1029-435D-9476-8B3D43E995E0}.Debug|Any CPU.Build.0 = Debug|Any CPU
		{60EDBA9E-1029-435D-9476-8B3D43E995E0}.Debug|x64.ActiveCfg = Debug|Any CPU
		{60EDBA9E-1029-435D-9476-8B3D43E995E0}.Debug|x64.Build.0 = Debug|Any CPU
		{60EDBA9E-1029-435D-9476-8B3D43E995E0}.Debug|x86.ActiveCfg = Debug|Any CPU
		{60EDBA9E-1029-435D-9476-8B3D43E995E0}.Debug|x86.Build.0 = Debug|Any CPU
		{60EDBA9E-1029-435D-9476-8B3D43E995E0}.Release|Any CPU.ActiveCfg = Release|Any CPU
		{60EDBA9E-1029-435D-9476-8B3D43E995E0}.Release|Any CPU.Build.0 = Release|Any CPU
		{60EDBA9E-1029-435D-9476-8B3D43E995E0}.Release|x64.ActiveCfg = Release|Any CPU
		{60EDBA9E-1029-435D-9476-8B3D43E995E0}.Release|x64.Build.0 = Release|Any CPU
		{60EDBA9E-1029-435D-9476-8B3D43E995E0}.Release|x86.ActiveCfg = Release|Any CPU
		{60EDBA9E-1029-435D-9476-8B3D43E995E0}.Release|x86.Build.0 = Release|Any CPU
		{307DF89D-21C4-4C00-888B-67E7970D289D}.Debug|Any CPU.ActiveCfg = Debug|Any CPU
		{307DF89D-21C4-4C00-888B-67E7970D289D}.Debug|Any CPU.Build.0 = Debug|Any CPU
		{307DF89D-21C4-4C00-888B-67E7970D289D}.Debug|x64.ActiveCfg = Debug|Any CPU
		{307DF89D-21C4-4C00-888B-67E7970D289D}.Debug|x64.Build.0 = Debug|Any CPU
		{307DF89D-21C4-4C00-888B-67E7970D289D}.Debug|x86.ActiveCfg = Debug|Any CPU
		{307DF89D-21C4-4C00-888B-67E7970D289D}.Debug|x86.Build.0 = Debug|Any CPU
		{307DF89D-21C4-4C00-888B-67E7970D289D}.Release|Any CPU.ActiveCfg = Release|Any CPU
		{307DF89D-21C4-4C00-888B-67E7970D289D}.Release|Any CPU.Build.0 = Release|Any CPU
		{307DF89D-21C4-4C00-888B-67E7970D289D}.Release|x64.ActiveCfg = Release|Any CPU
		{307DF89D-21C4-4C00-888B-67E7970D289D}.Release|x64.Build.0 = Release|Any CPU
		{307DF89D-21C4-4C00-888B-67E7970D289D}.Release|x86.ActiveCfg = Release|Any CPU
		{307DF89D-21C4-4C00-888B-67E7970D289D}.Release|x86.Build.0 = Release|Any CPU
	EndGlobalSection
	GlobalSection(SolutionProperties) = preSolution
		HideSolutionNode = FALSE
	EndGlobalSection
	GlobalSection(NestedProjects) = preSolution
		{1F266780-45D4-5F4C-DB9C-D6893FEA6630} = {02EA681E-C7D8-13C7-8484-4AC65E1B71E8}
		{FA2FC048-1DF8-4581-8838-BBDB5ADAB959} = {02EA681E-C7D8-13C7-8484-4AC65E1B71E8}
		{E4DECA44-96FD-46E2-A01B-A1D960638622} = {05E9B947-5A63-40BB-880E-DBD388C498CD}
		{D6D6E910-B02C-4F89-B47D-E7E9E9982830} = {02EA681E-C7D8-13C7-8484-4AC65E1B71E8}
		{AE32F083-2772-4C09-AFB9-31659C23FD1A} = {02EA681E-C7D8-13C7-8484-4AC65E1B71E8}
		{A7C08BD0-9EFD-45C5-AF05-0DFFF16D2FAA} = {02EA681E-C7D8-13C7-8484-4AC65E1B71E8}
		{6138A64B-D557-4F3D-953A-090498BCE2C9} = {05E9B947-5A63-40BB-880E-DBD388C498CD}
		{A039928A-B4A9-4A0A-BDBC-98BCC9165479} = {02EA681E-C7D8-13C7-8484-4AC65E1B71E8}
		{FA95DC1D-DB83-4192-923A-F7766647A979} = {02EA681E-C7D8-13C7-8484-4AC65E1B71E8}
		{7A67A6EF-DD16-4A4E-9EFB-1B8CDA5D87D2} = {02EA681E-C7D8-13C7-8484-4AC65E1B71E8}
		{035F7479-0A05-310F-4E11-A4BA13E77FEE} = {02EA681E-C7D8-13C7-8484-4AC65E1B71E8}
		{FBCB2C2E-AB30-4367-A259-7B30D4C3398B} = {05E9B947-5A63-40BB-880E-DBD388C498CD}
		{13D3A1EF-A9E2-47E2-984C-507C37AE6A35} = {05E9B947-5A63-40BB-880E-DBD388C498CD}
		{F8FB6DD5-3213-45E6-950B-AE0F3DB3DB86} = {02EA681E-C7D8-13C7-8484-4AC65E1B71E8}
		{34022B2D-38F2-4252-89F3-D95D97354F2B} = {02EA681E-C7D8-13C7-8484-4AC65E1B71E8}
		{3BC8C315-119C-4F8C-A602-CFFDEA4AE90B} = {02EA681E-C7D8-13C7-8484-4AC65E1B71E8}
		{5FE953B9-D547-42B0-A447-21D5B356EF43} = {05E9B947-5A63-40BB-880E-DBD388C498CD}
		{60EDBA9E-1029-435D-9476-8B3D43E995E0} = {05E9B947-5A63-40BB-880E-DBD388C498CD}
		{307DF89D-21C4-4C00-888B-67E7970D289D} = {05E9B947-5A63-40BB-880E-DBD388C498CD}
	EndGlobalSection
	GlobalSection(ExtensibilityGlobals) = postSolution
		SolutionGuid = {C56A3222-9C44-4134-967D-CEC0E50E55D5}
	EndGlobalSection
EndGlobal
